Microsoft Visual Studio Solution File, Format Version 12.00
# Visual Studio 15
VisualStudioVersion = 15.0.27428.2015
MinimumVisualStudioVersion = 10.0.40219.1
Project("{FAE04EC0-301F-11D3-BF4B-00C04F79EFBC}") = "Laboratory.Core", "Laboratory.Core\Laboratory.Core.csproj", "{C15E99ED-34C1-4EDD-A868-98A7BBDBCD5B}"
EndProject
Project("{FAE04EC0-301F-11D3-BF4B-00C04F79EFBC}") = "Laboratory", "Laboratory\Laboratory.csproj", "{51AACDFA-7E03-45C9-AE32-F8EB5431C246}"
EndProject
Project("{FAE04EC0-301F-11D3-BF4B-00C04F79EFBC}") = "Laboratory.Web", "Laboratory.Web\Laboratory.Web.csproj", "{690FF792-31F1-4028-85DC-1AB1BB829F2F}"
EndProject
Project("{FAE04EC0-301F-11D3-BF4B-00C04F79EFBC}") = "Laboratory.WebApi", "Laboratory.WebApi\Laboratory.WebApi.csproj", "{9844735C-449D-4F73-9141-2F66B149BEA2}"
EndProject
Project("{2150E333-8FDC-42A3-9474-1A3956D46DE8}") = "netcore", "netcore", "{7575577E-6858-4231-AA25-3D3508157360}"
EndProject
Project("{2150E333-8FDC-42A3-9474-1A3956D46DE8}") = "net45", "net45", "{531CE38E-9069-41CE-A479-524237E356D6}"
EndProject
Project("{2150E333-8FDC-42A3-9474-1A3956D46DE8}") = "test", "test", "{CBE8184F-29DF-457C-8C89-4593112F183B}"
EndProject
Project("{2150E333-8FDC-42A3-9474-1A3956D46DE8}") = "src", "src", "{18BC72C9-0971-459C-B150-F1D4458B65E3}"
EndProject
Project("{2150E333-8FDC-42A3-9474-1A3956D46DE8}") = "src", "src", "{D9C56FCB-29AE-4250-900C-9AF2FF17F98C}"
EndProject
Project("{FAE04EC0-301F-11D3-BF4B-00C04F79EFBC}") = "Laboratory.Migrator", "Laboratory.Migrator\Laboratory.Migrator.csproj", "{A4EA72F6-BAC5-4867-83C1-8B931769367D}"
EndProject
Project("{9A19103F-16F7-4668-BE54-9A1E7A4F7556}") = "Laboratory.Tests", "netcore\Laboratory.Tests\Laboratory.Tests.csproj", "{1FBCD941-E22D-4C50-87C1-40AD85FB243D}"
EndProject
Project("{FAE04EC0-301F-11D3-BF4B-00C04F79EFBC}") = "Laboratory.Resources", "Laboratory.Resources\Laboratory.Resources.csproj", "{39F7C733-9582-4906-9B31-ED3D7C8A9E90}"
EndProject
Project("{2150E333-8FDC-42A3-9474-1A3956D46DE8}") = "Laboratory.Socket", "Laboratory.Socket", "{545242F0-4999-4305-92AC-7173CE423913}"
EndProject
Project("{9A19103F-16F7-4668-BE54-9A1E7A4F7556}") = "Laboratory.Web", "netcore\Laboratory.Web\Laboratory.Web.csproj", "{A281F9E1-1D5C-4A3A-890B-D9CE635DB113}"
EndProject
Project("{FAE04EC0-301F-11D3-BF4B-00C04F79EFBC}") = "lab.impala", "lab.impala\lab.impala.csproj", "{6A0CE78C-3F64-4450-873F-F4F15E4E2476}"
EndProject
Project("{2150E333-8FDC-42A3-9474-1A3956D46DE8}") = "Laboratory.RabbitMQ", "Laboratory.RabbitMQ", "{2EDDBE55-FE1D-41A1-A9B1-0DA045557212}"
EndProject
Project("{9A19103F-16F7-4668-BE54-9A1E7A4F7556}") = "Laboratory.Socket.Client", "netcore\Laboratory.Socket\Laboratory.Socket.Client\Laboratory.Socket.Client.csproj", "{01735B7F-DB51-474F-9846-FBA43B38D1DD}"
EndProject
Project("{9A19103F-16F7-4668-BE54-9A1E7A4F7556}") = "Laboratory.Socket.FileClient", "netcore\Laboratory.Socket\Laboratory.Socket.FileClient\Laboratory.Socket.FileClient.csproj", "{0B9CA4B3-6A20-4E5F-AD31-FCF0C7134C9D}"
EndProject
Project("{9A19103F-16F7-4668-BE54-9A1E7A4F7556}") = "Laboratory.Socket.FileServer", "netcore\Laboratory.Socket\Laboratory.Socket.FileServer\Laboratory.Socket.FileServer.csproj", "{48BCBDCE-9C20-4283-AAC6-DA1F69941C3E}"
EndProject
Project("{9A19103F-16F7-4668-BE54-9A1E7A4F7556}") = "Laboratory.Socket.Infrastructure", "netcore\Laboratory.Socket\Laboratory.Socket.Infrastructure\Laboratory.Socket.Infrastructure.csproj", "{0423820B-C3C1-48B5-8B76-0F5DEF880BA8}"
EndProject
Project("{9A19103F-16F7-4668-BE54-9A1E7A4F7556}") = "Laboratory.Socket.Server", "netcore\Laboratory.Socket\Laboratory.Socket.Server\Laboratory.Socket.Server.csproj", "{03D4BEE7-727E-4F6F-BB9B-C61260A9D22A}"
EndProject
Project("{9A19103F-16F7-4668-BE54-9A1E7A4F7556}") = "Laboratory.RabbitMQ.Consumer", "netcore\Laboratory.RabbitMQ\Laboratory.RabbitMQ.Consumer\Laboratory.RabbitMQ.Consumer.csproj", "{9EEC014F-97D6-4D02-8F8B-71F4ABC78B97}"
EndProject
Project("{9A19103F-16F7-4668-BE54-9A1E7A4F7556}") = "Laboratory.RabbitMQ.Producer", "netcore\Laboratory.RabbitMQ\Laboratory.RabbitMQ.Producer\Laboratory.RabbitMQ.Producer.csproj", "{F23BF1F4-B87E-4103-B333-8CB76846BE87}"
EndProject
Project("{9A19103F-16F7-4668-BE54-9A1E7A4F7556}") = "Laboratory.RabbitMQ.ProducerWithDirectExchange", "netcore\Laboratory.RabbitMQ\Laboratory.RabbitMQ.ProducerWithDirectExchange\Laboratory.RabbitMQ.ProducerWithDirectExchange.csproj", "{947B03D0-EC90-4467-98FB-2FA20D9143D8}"
EndProject
Project("{9A19103F-16F7-4668-BE54-9A1E7A4F7556}") = "Laboratory.RabbitMQ.ProducerWithFanoutExchange", "netcore\Laboratory.RabbitMQ\Laboratory.RabbitMQ.ProducerWithFanoutExchange\Laboratory.RabbitMQ.ProducerWithFanoutExchange.csproj", "{49139963-3159-4890-A7C6-3847D19D749A}"
EndProject
Project("{9A19103F-16F7-4668-BE54-9A1E7A4F7556}") = "Laboratory.RabbitMQ.ProducerWithTopicExchange", "netcore\Laboratory.RabbitMQ\Laboratory.RabbitMQ.ProducerWithTopicExchange\Laboratory.RabbitMQ.ProducerWithTopicExchange.csproj", "{CE204863-D4BE-4399-84E3-5DFECA53EE4A}"
EndProject
Global
	GlobalSection(SolutionConfigurationPlatforms) = preSolution
		Debug|Any CPU = Debug|Any CPU
		Debug|x64 = Debug|x64
		Debug|x86 = Debug|x86
		Release|Any CPU = Release|Any CPU
		Release|x64 = Release|x64
		Release|x86 = Release|x86
	EndGlobalSection
	GlobalSection(ProjectConfigurationPlatforms) = postSolution
		{C15E99ED-34C1-4EDD-A868-98A7BBDBCD5B}.Debug|Any CPU.ActiveCfg = Debug|Any CPU
		{C15E99ED-34C1-4EDD-A868-98A7BBDBCD5B}.Debug|Any CPU.Build.0 = Debug|Any CPU
		{C15E99ED-34C1-4EDD-A868-98A7BBDBCD5B}.Debug|x64.ActiveCfg = Debug|x64
		{C15E99ED-34C1-4EDD-A868-98A7BBDBCD5B}.Debug|x64.Build.0 = Debug|x64
		{C15E99ED-34C1-4EDD-A868-98A7BBDBCD5B}.Debug|x86.ActiveCfg = Debug|x86
		{C15E99ED-34C1-4EDD-A868-98A7BBDBCD5B}.Debug|x86.Build.0 = Debug|x86
		{C15E99ED-34C1-4EDD-A868-98A7BBDBCD5B}.Release|Any CPU.ActiveCfg = Release|Any CPU
		{C15E99ED-34C1-4EDD-A868-98A7BBDBCD5B}.Release|Any CPU.Build.0 = Release|Any CPU
		{C15E99ED-34C1-4EDD-A868-98A7BBDBCD5B}.Release|x64.ActiveCfg = Release|x64
		{C15E99ED-34C1-4EDD-A868-98A7BBDBCD5B}.Release|x64.Build.0 = Release|x64
		{C15E99ED-34C1-4EDD-A868-98A7BBDBCD5B}.Release|x86.ActiveCfg = Release|x86
		{C15E99ED-34C1-4EDD-A868-98A7BBDBCD5B}.Release|x86.Build.0 = Release|x86
		{51AACDFA-7E03-45C9-AE32-F8EB5431C246}.Debug|Any CPU.ActiveCfg = Debug|Any CPU
		{51AACDFA-7E03-45C9-AE32-F8EB5431C246}.Debug|Any CPU.Build.0 = Debug|Any CPU
		{51AACDFA-7E03-45C9-AE32-F8EB5431C246}.Debug|x64.ActiveCfg = Debug|x64
		{51AACDFA-7E03-45C9-AE32-F8EB5431C246}.Debug|x64.Build.0 = Debug|x64
		{51AACDFA-7E03-45C9-AE32-F8EB5431C246}.Debug|x86.ActiveCfg = Debug|x86
		{51AACDFA-7E03-45C9-AE32-F8EB5431C246}.Debug|x86.Build.0 = Debug|x86
		{51AACDFA-7E03-45C9-AE32-F8EB5431C246}.Release|Any CPU.ActiveCfg = Release|Any CPU
		{51AACDFA-7E03-45C9-AE32-F8EB5431C246}.Release|Any CPU.Build.0 = Release|Any CPU
		{51AACDFA-7E03-45C9-AE32-F8EB5431C246}.Release|x64.ActiveCfg = Release|x64
		{51AACDFA-7E03-45C9-AE32-F8EB5431C246}.Release|x64.Build.0 = Release|x64
		{51AACDFA-7E03-45C9-AE32-F8EB5431C246}.Release|x86.ActiveCfg = Release|x86
		{51AACDFA-7E03-45C9-AE32-F8EB5431C246}.Release|x86.Build.0 = Release|x86
		{690FF792-31F1-4028-85DC-1AB1BB829F2F}.Debug|Any CPU.ActiveCfg = Debug|Any CPU
		{690FF792-31F1-4028-85DC-1AB1BB829F2F}.Debug|Any CPU.Build.0 = Debug|Any CPU
		{690FF792-31F1-4028-85DC-1AB1BB829F2F}.Debug|x64.ActiveCfg = Debug|x64
		{690FF792-31F1-4028-85DC-1AB1BB829F2F}.Debug|x64.Build.0 = Debug|x64
		{690FF792-31F1-4028-85DC-1AB1BB829F2F}.Debug|x86.ActiveCfg = Debug|x86
		{690FF792-31F1-4028-85DC-1AB1BB829F2F}.Debug|x86.Build.0 = Debug|x86
		{690FF792-31F1-4028-85DC-1AB1BB829F2F}.Release|Any CPU.ActiveCfg = Release|Any CPU
		{690FF792-31F1-4028-85DC-1AB1BB829F2F}.Release|Any CPU.Build.0 = Release|Any CPU
		{690FF792-31F1-4028-85DC-1AB1BB829F2F}.Release|x64.ActiveCfg = Release|x64
		{690FF792-31F1-4028-85DC-1AB1BB829F2F}.Release|x64.Build.0 = Release|x64
		{690FF792-31F1-4028-85DC-1AB1BB829F2F}.Release|x86.ActiveCfg = Release|x86
		{690FF792-31F1-4028-85DC-1AB1BB829F2F}.Release|x86.Build.0 = Release|x86
		{9844735C-449D-4F73-9141-2F66B149BEA2}.Debug|Any CPU.ActiveCfg = Debug|Any CPU
		{9844735C-449D-4F73-9141-2F66B149BEA2}.Debug|Any CPU.Build.0 = Debug|Any CPU
		{9844735C-449D-4F73-9141-2F66B149BEA2}.Debug|x64.ActiveCfg = Debug|x64
		{9844735C-449D-4F73-9141-2F66B149BEA2}.Debug|x64.Build.0 = Debug|x64
		{9844735C-449D-4F73-9141-2F66B149BEA2}.Debug|x86.ActiveCfg = Debug|x86
		{9844735C-449D-4F73-9141-2F66B149BEA2}.Debug|x86.Build.0 = Debug|x86
		{9844735C-449D-4F73-9141-2F66B149BEA2}.Release|Any CPU.ActiveCfg = Release|Any CPU
		{9844735C-449D-4F73-9141-2F66B149BEA2}.Release|Any CPU.Build.0 = Release|Any CPU
		{9844735C-449D-4F73-9141-2F66B149BEA2}.Release|x64.ActiveCfg = Release|x64
		{9844735C-449D-4F73-9141-2F66B149BEA2}.Release|x64.Build.0 = Release|x64
		{9844735C-449D-4F73-9141-2F66B149BEA2}.Release|x86.ActiveCfg = Release|x86
		{9844735C-449D-4F73-9141-2F66B149BEA2}.Release|x86.Build.0 = Release|x86
		{A4EA72F6-BAC5-4867-83C1-8B931769367D}.Debug|Any CPU.ActiveCfg = Debug|Any CPU
		{A4EA72F6-BAC5-4867-83C1-8B931769367D}.Debug|Any CPU.Build.0 = Debug|Any CPU
		{A4EA72F6-BAC5-4867-83C1-8B931769367D}.Debug|x64.ActiveCfg = Debug|x64
		{A4EA72F6-BAC5-4867-83C1-8B931769367D}.Debug|x64.Build.0 = Debug|x64
		{A4EA72F6-BAC5-4867-83C1-8B931769367D}.Debug|x86.ActiveCfg = Debug|x86
		{A4EA72F6-BAC5-4867-83C1-8B931769367D}.Debug|x86.Build.0 = Debug|x86
		{A4EA72F6-BAC5-4867-83C1-8B931769367D}.Release|Any CPU.ActiveCfg = Release|Any CPU
		{A4EA72F6-BAC5-4867-83C1-8B931769367D}.Release|Any CPU.Build.0 = Release|Any CPU
		{A4EA72F6-BAC5-4867-83C1-8B931769367D}.Release|x64.ActiveCfg = Release|x64
		{A4EA72F6-BAC5-4867-83C1-8B931769367D}.Release|x64.Build.0 = Release|x64
		{A4EA72F6-BAC5-4867-83C1-8B931769367D}.Release|x86.ActiveCfg = Release|x86
		{A4EA72F6-BAC5-4867-83C1-8B931769367D}.Release|x86.Build.0 = Release|x86
		{1FBCD941-E22D-4C50-87C1-40AD85FB243D}.Debug|Any CPU.ActiveCfg = Debug|Any CPU
		{1FBCD941-E22D-4C50-87C1-40AD85FB243D}.Debug|Any CPU.Build.0 = Debug|Any CPU
		{1FBCD941-E22D-4C50-87C1-40AD85FB243D}.Debug|x64.ActiveCfg = Debug|x64
		{1FBCD941-E22D-4C50-87C1-40AD85FB243D}.Debug|x64.Build.0 = Debug|x64
		{1FBCD941-E22D-4C50-87C1-40AD85FB243D}.Debug|x86.ActiveCfg = Debug|x86
		{1FBCD941-E22D-4C50-87C1-40AD85FB243D}.Debug|x86.Build.0 = Debug|x86
		{1FBCD941-E22D-4C50-87C1-40AD85FB243D}.Release|Any CPU.ActiveCfg = Release|Any CPU
		{1FBCD941-E22D-4C50-87C1-40AD85FB243D}.Release|Any CPU.Build.0 = Release|Any CPU
		{1FBCD941-E22D-4C50-87C1-40AD85FB243D}.Release|x64.ActiveCfg = Release|x64
		{1FBCD941-E22D-4C50-87C1-40AD85FB243D}.Release|x64.Build.0 = Release|x64
		{1FBCD941-E22D-4C50-87C1-40AD85FB243D}.Release|x86.ActiveCfg = Release|x86
		{1FBCD941-E22D-4C50-87C1-40AD85FB243D}.Release|x86.Build.0 = Release|x86
		{39F7C733-9582-4906-9B31-ED3D7C8A9E90}.Debug|Any CPU.ActiveCfg = Debug|Any CPU
		{39F7C733-9582-4906-9B31-ED3D7C8A9E90}.Debug|Any CPU.Build.0 = Debug|Any CPU
		{39F7C733-9582-4906-9B31-ED3D7C8A9E90}.Debug|x64.ActiveCfg = Debug|x64
		{39F7C733-9582-4906-9B31-ED3D7C8A9E90}.Debug|x64.Build.0 = Debug|x64
		{39F7C733-9582-4906-9B31-ED3D7C8A9E90}.Debug|x86.ActiveCfg = Debug|x86
		{39F7C733-9582-4906-9B31-ED3D7C8A9E90}.Debug|x86.Build.0 = Debug|x86
		{39F7C733-9582-4906-9B31-ED3D7C8A9E90}.Release|Any CPU.ActiveCfg = Release|Any CPU
		{39F7C733-9582-4906-9B31-ED3D7C8A9E90}.Release|Any CPU.Build.0 = Release|Any CPU
		{39F7C733-9582-4906-9B31-ED3D7C8A9E90}.Release|x64.ActiveCfg = Release|x64
		{39F7C733-9582-4906-9B31-ED3D7C8A9E90}.Release|x64.Build.0 = Release|x64
		{39F7C733-9582-4906-9B31-ED3D7C8A9E90}.Release|x86.ActiveCfg = Release|x86
		{39F7C733-9582-4906-9B31-ED3D7C8A9E90}.Release|x86.Build.0 = Release|x86
		{A281F9E1-1D5C-4A3A-890B-D9CE635DB113}.Debug|Any CPU.ActiveCfg = Debug|Any CPU
		{A281F9E1-1D5C-4A3A-890B-D9CE635DB113}.Debug|Any CPU.Build.0 = Debug|Any CPU
		{A281F9E1-1D5C-4A3A-890B-D9CE635DB113}.Debug|x64.ActiveCfg = Debug|x64
		{A281F9E1-1D5C-4A3A-890B-D9CE635DB113}.Debug|x64.Build.0 = Debug|x64
		{A281F9E1-1D5C-4A3A-890B-D9CE635DB113}.Debug|x86.ActiveCfg = Debug|x86
		{A281F9E1-1D5C-4A3A-890B-D9CE635DB113}.Debug|x86.Build.0 = Debug|x86
		{A281F9E1-1D5C-4A3A-890B-D9CE635DB113}.Release|Any CPU.ActiveCfg = Release|Any CPU
		{A281F9E1-1D5C-4A3A-890B-D9CE635DB113}.Release|Any CPU.Build.0 = Release|Any CPU
		{A281F9E1-1D5C-4A3A-890B-D9CE635DB113}.Release|x64.ActiveCfg = Release|x64
		{A281F9E1-1D5C-4A3A-890B-D9CE635DB113}.Release|x64.Build.0 = Release|x64
		{A281F9E1-1D5C-4A3A-890B-D9CE635DB113}.Release|x86.ActiveCfg = Release|x86
		{A281F9E1-1D5C-4A3A-890B-D9CE635DB113}.Release|x86.Build.0 = Release|x86
		{6A0CE78C-3F64-4450-873F-F4F15E4E2476}.Debug|Any CPU.ActiveCfg = Debug|Any CPU
		{6A0CE78C-3F64-4450-873F-F4F15E4E2476}.Debug|Any CPU.Build.0 = Debug|Any CPU
		{6A0CE78C-3F64-4450-873F-F4F15E4E2476}.Debug|x64.ActiveCfg = Debug|Any CPU
		{6A0CE78C-3F64-4450-873F-F4F15E4E2476}.Debug|x64.Build.0 = Debug|Any CPU
		{6A0CE78C-3F64-4450-873F-F4F15E4E2476}.Debug|x86.ActiveCfg = Debug|x86
		{6A0CE78C-3F64-4450-873F-F4F15E4E2476}.Debug|x86.Build.0 = Debug|x86
		{6A0CE78C-3F64-4450-873F-F4F15E4E2476}.Release|Any CPU.ActiveCfg = Release|Any CPU
		{6A0CE78C-3F64-4450-873F-F4F15E4E2476}.Release|Any CPU.Build.0 = Release|Any CPU
		{6A0CE78C-3F64-4450-873F-F4F15E4E2476}.Release|x64.ActiveCfg = Release|Any CPU
		{6A0CE78C-3F64-4450-873F-F4F15E4E2476}.Release|x64.Build.0 = Release|Any CPU
		{6A0CE78C-3F64-4450-873F-F4F15E4E2476}.Release|x86.ActiveCfg = Release|x86
		{6A0CE78C-3F64-4450-873F-F4F15E4E2476}.Release|x86.Build.0 = Release|x86
		{01735B7F-DB51-474F-9846-FBA43B38D1DD}.Debug|Any CPU.ActiveCfg = Debug|Any CPU
		{01735B7F-DB51-474F-9846-FBA43B38D1DD}.Debug|Any CPU.Build.0 = Debug|Any CPU
		{01735B7F-DB51-474F-9846-FBA43B38D1DD}.Debug|x64.ActiveCfg = Debug|x64
		{01735B7F-DB51-474F-9846-FBA43B38D1DD}.Debug|x64.Build.0 = Debug|x64
		{01735B7F-DB51-474F-9846-FBA43B38D1DD}.Debug|x86.ActiveCfg = Debug|x86
		{01735B7F-DB51-474F-9846-FBA43B38D1DD}.Debug|x86.Build.0 = Debug|x86
		{01735B7F-DB51-474F-9846-FBA43B38D1DD}.Release|Any CPU.ActiveCfg = Release|Any CPU
		{01735B7F-DB51-474F-9846-FBA43B38D1DD}.Release|Any CPU.Build.0 = Release|Any CPU
		{01735B7F-DB51-474F-9846-FBA43B38D1DD}.Release|x64.ActiveCfg = Release|x64
		{01735B7F-DB51-474F-9846-FBA43B38D1DD}.Release|x64.Build.0 = Release|x64
		{01735B7F-DB51-474F-9846-FBA43B38D1DD}.Release|x86.ActiveCfg = Release|x86
		{01735B7F-DB51-474F-9846-FBA43B38D1DD}.Release|x86.Build.0 = Release|x86
		{0B9CA4B3-6A20-4E5F-AD31-FCF0C7134C9D}.Debug|Any CPU.ActiveCfg = Debug|Any CPU
		{0B9CA4B3-6A20-4E5F-AD31-FCF0C7134C9D}.Debug|Any CPU.Build.0 = Debug|Any CPU
		{0B9CA4B3-6A20-4E5F-AD31-FCF0C7134C9D}.Debug|x64.ActiveCfg = Debug|x64
		{0B9CA4B3-6A20-4E5F-AD31-FCF0C7134C9D}.Debug|x64.Build.0 = Debug|x64
		{0B9CA4B3-6A20-4E5F-AD31-FCF0C7134C9D}.Debug|x86.ActiveCfg = Debug|x86
		{0B9CA4B3-6A20-4E5F-AD31-FCF0C7134C9D}.Debug|x86.Build.0 = Debug|x86
		{0B9CA4B3-6A20-4E5F-AD31-FCF0C7134C9D}.Release|Any CPU.ActiveCfg = Release|Any CPU
		{0B9CA4B3-6A20-4E5F-AD31-FCF0C7134C9D}.Release|Any CPU.Build.0 = Release|Any CPU
		{0B9CA4B3-6A20-4E5F-AD31-FCF0C7134C9D}.Release|x64.ActiveCfg = Release|x64
		{0B9CA4B3-6A20-4E5F-AD31-FCF0C7134C9D}.Release|x64.Build.0 = Release|x64
		{0B9CA4B3-6A20-4E5F-AD31-FCF0C7134C9D}.Release|x86.ActiveCfg = Release|x86
		{0B9CA4B3-6A20-4E5F-AD31-FCF0C7134C9D}.Release|x86.Build.0 = Release|x86
		{48BCBDCE-9C20-4283-AAC6-DA1F69941C3E}.Debug|Any CPU.ActiveCfg = Debug|Any CPU
		{48BCBDCE-9C20-4283-AAC6-DA1F69941C3E}.Debug|Any CPU.Build.0 = Debug|Any CPU
		{48BCBDCE-9C20-4283-AAC6-DA1F69941C3E}.Debug|x64.ActiveCfg = Debug|x64
		{48BCBDCE-9C20-4283-AAC6-DA1F69941C3E}.Debug|x64.Build.0 = Debug|x64
		{48BCBDCE-9C20-4283-AAC6-DA1F69941C3E}.Debug|x86.ActiveCfg = Debug|x86
		{48BCBDCE-9C20-4283-AAC6-DA1F69941C3E}.Debug|x86.Build.0 = Debug|x86
		{48BCBDCE-9C20-4283-AAC6-DA1F69941C3E}.Release|Any CPU.ActiveCfg = Release|Any CPU
		{48BCBDCE-9C20-4283-AAC6-DA1F69941C3E}.Release|Any CPU.Build.0 = Release|Any CPU
		{48BCBDCE-9C20-4283-AAC6-DA1F69941C3E}.Release|x64.ActiveCfg = Release|x64
		{48BCBDCE-9C20-4283-AAC6-DA1F69941C3E}.Release|x64.Build.0 = Release|x64
		{48BCBDCE-9C20-4283-AAC6-DA1F69941C3E}.Release|x86.ActiveCfg = Release|x86
		{48BCBDCE-9C20-4283-AAC6-DA1F69941C3E}.Release|x86.Build.0 = Release|x86
		{0423820B-C3C1-48B5-8B76-0F5DEF880BA8}.Debug|Any CPU.ActiveCfg = Debug|Any CPU
		{0423820B-C3C1-48B5-8B76-0F5DEF880BA8}.Debug|Any CPU.Build.0 = Debug|Any CPU
		{0423820B-C3C1-48B5-8B76-0F5DEF880BA8}.Debug|x64.ActiveCfg = Debug|x64
		{0423820B-C3C1-48B5-8B76-0F5DEF880BA8}.Debug|x64.Build.0 = Debug|x64
		{0423820B-C3C1-48B5-8B76-0F5DEF880BA8}.Debug|x86.ActiveCfg = Debug|x86
		{0423820B-C3C1-48B5-8B76-0F5DEF880BA8}.Debug|x86.Build.0 = Debug|x86
		{0423820B-C3C1-48B5-8B76-0F5DEF880BA8}.Release|Any CPU.ActiveCfg = Release|Any CPU
		{0423820B-C3C1-48B5-8B76-0F5DEF880BA8}.Release|Any CPU.Build.0 = Release|Any CPU
		{0423820B-C3C1-48B5-8B76-0F5DEF880BA8}.Release|x64.ActiveCfg = Release|x64
		{0423820B-C3C1-48B5-8B76-0F5DEF880BA8}.Release|x64.Build.0 = Release|x64
		{0423820B-C3C1-48B5-8B76-0F5DEF880BA8}.Release|x86.ActiveCfg = Release|x86
		{0423820B-C3C1-48B5-8B76-0F5DEF880BA8}.Release|x86.Build.0 = Release|x86
		{03D4BEE7-727E-4F6F-BB9B-C61260A9D22A}.Debug|Any CPU.ActiveCfg = Debug|Any CPU
		{03D4BEE7-727E-4F6F-BB9B-C61260A9D22A}.Debug|Any CPU.Build.0 = Debug|Any CPU
		{03D4BEE7-727E-4F6F-BB9B-C61260A9D22A}.Debug|x64.ActiveCfg = Debug|x64
		{03D4BEE7-727E-4F6F-BB9B-C61260A9D22A}.Debug|x64.Build.0 = Debug|x64
		{03D4BEE7-727E-4F6F-BB9B-C61260A9D22A}.Debug|x86.ActiveCfg = Debug|x86
		{03D4BEE7-727E-4F6F-BB9B-C61260A9D22A}.Debug|x86.Build.0 = Debug|x86
		{03D4BEE7-727E-4F6F-BB9B-C61260A9D22A}.Release|Any CPU.ActiveCfg = Release|Any CPU
		{03D4BEE7-727E-4F6F-BB9B-C61260A9D22A}.Release|Any CPU.Build.0 = Release|Any CPU
		{03D4BEE7-727E-4F6F-BB9B-C61260A9D22A}.Release|x64.ActiveCfg = Release|x64
		{03D4BEE7-727E-4F6F-BB9B-C61260A9D22A}.Release|x64.Build.0 = Release|x64
		{03D4BEE7-727E-4F6F-BB9B-C61260A9D22A}.Release|x86.ActiveCfg = Release|x86
		{03D4BEE7-727E-4F6F-BB9B-C61260A9D22A}.Release|x86.Build.0 = Release|x86
		{9EEC014F-97D6-4D02-8F8B-71F4ABC78B97}.Debug|Any CPU.ActiveCfg = Debug|Any CPU
		{9EEC014F-97D6-4D02-8F8B-71F4ABC78B97}.Debug|Any CPU.Build.0 = Debug|Any CPU
		{9EEC014F-97D6-4D02-8F8B-71F4ABC78B97}.Debug|x64.ActiveCfg = Debug|Any CPU
		{9EEC014F-97D6-4D02-8F8B-71F4ABC78B97}.Debug|x64.Build.0 = Debug|Any CPU
		{9EEC014F-97D6-4D02-8F8B-71F4ABC78B97}.Debug|x86.ActiveCfg = Debug|Any CPU
		{9EEC014F-97D6-4D02-8F8B-71F4ABC78B97}.Debug|x86.Build.0 = Debug|Any CPU
		{9EEC014F-97D6-4D02-8F8B-71F4ABC78B97}.Release|Any CPU.ActiveCfg = Release|Any CPU
		{9EEC014F-97D6-4D02-8F8B-71F4ABC78B97}.Release|Any CPU.Build.0 = Release|Any CPU
		{9EEC014F-97D6-4D02-8F8B-71F4ABC78B97}.Release|x64.ActiveCfg = Release|Any CPU
		{9EEC014F-97D6-4D02-8F8B-71F4ABC78B97}.Release|x64.Build.0 = Release|Any CPU
		{9EEC014F-97D6-4D02-8F8B-71F4ABC78B97}.Release|x86.ActiveCfg = Release|Any CPU
		{9EEC014F-97D6-4D02-8F8B-71F4ABC78B97}.Release|x86.Build.0 = Release|Any CPU
		{F23BF1F4-B87E-4103-B333-8CB76846BE87}.Debug|Any CPU.ActiveCfg = Debug|Any CPU
		{F23BF1F4-B87E-4103-B333-8CB76846BE87}.Debug|Any CPU.Build.0 = Debug|Any CPU
		{F23BF1F4-B87E-4103-B333-8CB76846BE87}.Debug|x64.ActiveCfg = Debug|Any CPU
		{F23BF1F4-B87E-4103-B333-8CB76846BE87}.Debug|x64.Build.0 = Debug|Any CPU
		{F23BF1F4-B87E-4103-B333-8CB76846BE87}.Debug|x86.ActiveCfg = Debug|Any CPU
		{F23BF1F4-B87E-4103-B333-8CB76846BE87}.Debug|x86.Build.0 = Debug|Any CPU
		{F23BF1F4-B87E-4103-B333-8CB76846BE87}.Release|Any CPU.ActiveCfg = Release|Any CPU
		{F23BF1F4-B87E-4103-B333-8CB76846BE87}.Release|Any CPU.Build.0 = Release|Any CPU
		{F23BF1F4-B87E-4103-B333-8CB76846BE87}.Release|x64.ActiveCfg = Release|Any CPU
		{F23BF1F4-B87E-4103-B333-8CB76846BE87}.Release|x64.Build.0 = Release|Any CPU
		{F23BF1F4-B87E-4103-B333-8CB76846BE87}.Release|x86.ActiveCfg = Release|Any CPU
		{F23BF1F4-B87E-4103-B333-8CB76846BE87}.Release|x86.Build.0 = Release|Any CPU
		{947B03D0-EC90-4467-98FB-2FA20D9143D8}.Debug|Any CPU.ActiveCfg = Debug|Any CPU
		{947B03D0-EC90-4467-98FB-2FA20D9143D8}.Debug|Any CPU.Build.0 = Debug|Any CPU
		{947B03D0-EC90-4467-98FB-2FA20D9143D8}.Debug|x64.ActiveCfg = Debug|Any CPU
		{947B03D0-EC90-4467-98FB-2FA20D9143D8}.Debug|x64.Build.0 = Debug|Any CPU
		{947B03D0-EC90-4467-98FB-2FA20D9143D8}.Debug|x86.ActiveCfg = Debug|Any CPU
		{947B03D0-EC90-4467-98FB-2FA20D9143D8}.Debug|x86.Build.0 = Debug|Any CPU
		{947B03D0-EC90-4467-98FB-2FA20D9143D8}.Release|Any CPU.ActiveCfg = Release|Any CPU
		{947B03D0-EC90-4467-98FB-2FA20D9143D8}.Release|Any CPU.Build.0 = Release|Any CPU
		{947B03D0-EC90-4467-98FB-2FA20D9143D8}.Release|x64.ActiveCfg = Release|Any CPU
		{947B03D0-EC90-4467-98FB-2FA20D9143D8}.Release|x64.Build.0 = Release|Any CPU
		{947B03D0-EC90-4467-98FB-2FA20D9143D8}.Release|x86.ActiveCfg = Release|Any CPU
		{947B03D0-EC90-4467-98FB-2FA20D9143D8}.Release|x86.Build.0 = Release|Any CPU
		{49139963-3159-4890-A7C6-3847D19D749A}.Debug|Any CPU.ActiveCfg = Debug|Any CPU
		{49139963-3159-4890-A7C6-3847D19D749A}.Debug|Any CPU.Build.0 = Debug|Any CPU
		{49139963-3159-4890-A7C6-3847D19D749A}.Debug|x64.ActiveCfg = Debug|Any CPU
		{49139963-3159-4890-A7C6-3847D19D749A}.Debug|x64.Build.0 = Debug|Any CPU
		{49139963-3159-4890-A7C6-3847D19D749A}.Debug|x86.ActiveCfg = Debug|Any CPU
		{49139963-3159-4890-A7C6-3847D19D749A}.Debug|x86.Build.0 = Debug|Any CPU
		{49139963-3159-4890-A7C6-3847D19D749A}.Release|Any CPU.ActiveCfg = Release|Any CPU
		{49139963-3159-4890-A7C6-3847D19D749A}.Release|Any CPU.Build.0 = Release|Any CPU
		{49139963-3159-4890-A7C6-3847D19D749A}.Release|x64.ActiveCfg = Release|Any CPU
		{49139963-3159-4890-A7C6-3847D19D749A}.Release|x64.Build.0 = Release|Any CPU
		{49139963-3159-4890-A7C6-3847D19D749A}.Release|x86.ActiveCfg = Release|Any CPU
		{49139963-3159-4890-A7C6-3847D19D749A}.Release|x86.Build.0 = Release|Any CPU
		{CE204863-D4BE-4399-84E3-5DFECA53EE4A}.Debug|Any CPU.ActiveCfg = Debug|Any CPU
		{CE204863-D4BE-4399-84E3-5DFECA53EE4A}.Debug|Any CPU.Build.0 = Debug|Any CPU
		{CE204863-D4BE-4399-84E3-5DFECA53EE4A}.Debug|x64.ActiveCfg = Debug|Any CPU
		{CE204863-D4BE-4399-84E3-5DFECA53EE4A}.Debug|x64.Build.0 = Debug|Any CPU
		{CE204863-D4BE-4399-84E3-5DFECA53EE4A}.Debug|x86.ActiveCfg = Debug|Any CPU
		{CE204863-D4BE-4399-84E3-5DFECA53EE4A}.Debug|x86.Build.0 = Debug|Any CPU
		{CE204863-D4BE-4399-84E3-5DFECA53EE4A}.Release|Any CPU.ActiveCfg = Release|Any CPU
		{CE204863-D4BE-4399-84E3-5DFECA53EE4A}.Release|Any CPU.Build.0 = Release|Any CPU
		{CE204863-D4BE-4399-84E3-5DFECA53EE4A}.Release|x64.ActiveCfg = Release|Any CPU
		{CE204863-D4BE-4399-84E3-5DFECA53EE4A}.Release|x64.Build.0 = Release|Any CPU
		{CE204863-D4BE-4399-84E3-5DFECA53EE4A}.Release|x86.ActiveCfg = Release|Any CPU
		{CE204863-D4BE-4399-84E3-5DFECA53EE4A}.Release|x86.Build.0 = Release|Any CPU
	EndGlobalSection
	GlobalSection(SolutionProperties) = preSolution
		HideSolutionNode = FALSE
	EndGlobalSection
	GlobalSection(NestedProjects) = preSolution
		{C15E99ED-34C1-4EDD-A868-98A7BBDBCD5B} = {D9C56FCB-29AE-4250-900C-9AF2FF17F98C}
		{51AACDFA-7E03-45C9-AE32-F8EB5431C246} = {D9C56FCB-29AE-4250-900C-9AF2FF17F98C}
		{690FF792-31F1-4028-85DC-1AB1BB829F2F} = {D9C56FCB-29AE-4250-900C-9AF2FF17F98C}
		{9844735C-449D-4F73-9141-2F66B149BEA2} = {D9C56FCB-29AE-4250-900C-9AF2FF17F98C}
		{CBE8184F-29DF-457C-8C89-4593112F183B} = {7575577E-6858-4231-AA25-3D3508157360}
		{18BC72C9-0971-459C-B150-F1D4458B65E3} = {7575577E-6858-4231-AA25-3D3508157360}
		{D9C56FCB-29AE-4250-900C-9AF2FF17F98C} = {531CE38E-9069-41CE-A479-524237E356D6}
		{A4EA72F6-BAC5-4867-83C1-8B931769367D} = {D9C56FCB-29AE-4250-900C-9AF2FF17F98C}
		{1FBCD941-E22D-4C50-87C1-40AD85FB243D} = {CBE8184F-29DF-457C-8C89-4593112F183B}
		{545242F0-4999-4305-92AC-7173CE423913} = {18BC72C9-0971-459C-B150-F1D4458B65E3}
		{A281F9E1-1D5C-4A3A-890B-D9CE635DB113} = {18BC72C9-0971-459C-B150-F1D4458B65E3}
		{6A0CE78C-3F64-4450-873F-F4F15E4E2476} = {D9C56FCB-29AE-4250-900C-9AF2FF17F98C}
		{2EDDBE55-FE1D-41A1-A9B1-0DA045557212} = {18BC72C9-0971-459C-B150-F1D4458B65E3}
		{01735B7F-DB51-474F-9846-FBA43B38D1DD} = {545242F0-4999-4305-92AC-7173CE423913}
		{0B9CA4B3-6A20-4E5F-AD31-FCF0C7134C9D} = {545242F0-4999-4305-92AC-7173CE423913}
		{48BCBDCE-9C20-4283-AAC6-DA1F69941C3E} = {545242F0-4999-4305-92AC-7173CE423913}
		{0423820B-C3C1-48B5-8B76-0F5DEF880BA8} = {545242F0-4999-4305-92AC-7173CE423913}
		{03D4BEE7-727E-4F6F-BB9B-C61260A9D22A} = {545242F0-4999-4305-92AC-7173CE423913}
		{9EEC014F-97D6-4D02-8F8B-71F4ABC78B97} = {2EDDBE55-FE1D-41A1-A9B1-0DA045557212}
		{F23BF1F4-B87E-4103-B333-8CB76846BE87} = {2EDDBE55-FE1D-41A1-A9B1-0DA045557212}
		{947B03D0-EC90-4467-98FB-2FA20D9143D8} = {2EDDBE55-FE1D-41A1-A9B1-0DA045557212}
		{49139963-3159-4890-A7C6-3847D19D749A} = {2EDDBE55-FE1D-41A1-A9B1-0DA045557212}
		{CE204863-D4BE-4399-84E3-5DFECA53EE4A} = {2EDDBE55-FE1D-41A1-A9B1-0DA045557212}
	EndGlobalSection
	GlobalSection(ExtensibilityGlobals) = postSolution
		SolutionGuid = {5F1F9364-4EF8-4D40-AA95-0C80A8DD7DEE}
	EndGlobalSection
EndGlobal
