
Microsoft Visual Studio Solution File, Format Version 12.00
# Visual Studio 15
VisualStudioVersion = 15.0.27428.2015
MinimumVisualStudioVersion = 10.0.40219.1
Project("{FAE04EC0-301F-11D3-BF4B-00C04F79EFBC}") = "Laboratory.Core", "Laboratory.Core\Laboratory.Core.csproj", "{C15E99ED-34C1-4EDD-A868-98A7BBDBCD5B}"
EndProject
Project("{FAE04EC0-301F-11D3-BF4B-00C04F79EFBC}") = "Laboratory", "Laboratory\Laboratory.csproj", "{51AACDFA-7E03-45C9-AE32-F8EB5431C246}"
EndProject
Project("{FAE04EC0-301F-11D3-BF4B-00C04F79EFBC}") = "Laboratory.Web", "Laboratory.Web\Laboratory.Web.csproj", "{690FF792-31F1-4028-85DC-1AB1BB829F2F}"
EndProject
Project("{FAE04EC0-301F-11D3-BF4B-00C04F79EFBC}") = "Laboratory.WebApi", "Laboratory.WebApi\Laboratory.WebApi.csproj", "{9844735C-449D-4F73-9141-2F66B149BEA2}"
EndProject
Project("{2150E333-8FDC-42A3-9474-1A3956D46DE8}") = "netcore", "netcore", "{7575577E-6858-4231-AA25-3D3508157360}"
EndProject
Project("{2150E333-8FDC-42A3-9474-1A3956D46DE8}") = "net45", "net45", "{531CE38E-9069-41CE-A479-524237E356D6}"
EndProject
Project("{9A19103F-16F7-4668-BE54-9A1E7A4F7556}") = "Laboratory.NetCore.Web", "netcore\Laboratory.NetCore.Web\Laboratory.NetCore.Web.csproj", "{26A2D71F-3CE1-4EC4-92A9-98CED9158422}"
EndProject
Project("{2150E333-8FDC-42A3-9474-1A3956D46DE8}") = "Laboratory.NetCore.Domain", "Laboratory.NetCore.Domain", "{E96C6EBB-770B-4C0A-B22D-F4C8D3907929}"
EndProject
Project("{2150E333-8FDC-42A3-9474-1A3956D46DE8}") = "Laboratory.NetCore.Infrastructure", "Laboratory.NetCore.Infrastructure", "{5A181A81-6065-460E-9E3A-1074161452B4}"
EndProject
Project("{2150E333-8FDC-42A3-9474-1A3956D46DE8}") = "Laboratory.NetCore.Application", "Laboratory.NetCore.Application", "{8030ECD7-3CCB-4AAA-AD49-4D3AB6511579}"
EndProject
Project("{2150E333-8FDC-42A3-9474-1A3956D46DE8}") = "Laboratory.NetCore.Presentation", "Laboratory.NetCore.Presentation", "{07256160-65A9-4381-B2CB-270026C8F62C}"
EndProject
Project("{2150E333-8FDC-42A3-9474-1A3956D46DE8}") = "test", "test", "{CBE8184F-29DF-457C-8C89-4593112F183B}"
EndProject
Project("{2150E333-8FDC-42A3-9474-1A3956D46DE8}") = "src", "src", "{18BC72C9-0971-459C-B150-F1D4458B65E3}"
EndProject
Project("{2150E333-8FDC-42A3-9474-1A3956D46DE8}") = "src", "src", "{D9C56FCB-29AE-4250-900C-9AF2FF17F98C}"
EndProject
Project("{9A19103F-16F7-4668-BE54-9A1E7A4F7556}") = "Laboratory.NetCore.Tests", "netcore\Laboratory.NetCore.Tests\Laboratory.NetCore.Tests.csproj", "{A21D9326-8250-496F-8556-06832CA1C4AB}"
EndProject
Project("{FAE04EC0-301F-11D3-BF4B-00C04F79EFBC}") = "Laboratory.Migrator", "Laboratory.Migrator\Laboratory.Migrator.csproj", "{A4EA72F6-BAC5-4867-83C1-8B931769367D}"
EndProject
Global
	GlobalSection(SolutionConfigurationPlatforms) = preSolution
		Debug|Any CPU = Debug|Any CPU
		Release|Any CPU = Release|Any CPU
	EndGlobalSection
	GlobalSection(ProjectConfigurationPlatforms) = postSolution
		{C15E99ED-34C1-4EDD-A868-98A7BBDBCD5B}.Debug|Any CPU.ActiveCfg = Debug|Any CPU
		{C15E99ED-34C1-4EDD-A868-98A7BBDBCD5B}.Debug|Any CPU.Build.0 = Debug|Any CPU
		{C15E99ED-34C1-4EDD-A868-98A7BBDBCD5B}.Release|Any CPU.ActiveCfg = Release|Any CPU
		{C15E99ED-34C1-4EDD-A868-98A7BBDBCD5B}.Release|Any CPU.Build.0 = Release|Any CPU
		{51AACDFA-7E03-45C9-AE32-F8EB5431C246}.Debug|Any CPU.ActiveCfg = Debug|Any CPU
		{51AACDFA-7E03-45C9-AE32-F8EB5431C246}.Debug|Any CPU.Build.0 = Debug|Any CPU
		{51AACDFA-7E03-45C9-AE32-F8EB5431C246}.Release|Any CPU.ActiveCfg = Release|Any CPU
		{51AACDFA-7E03-45C9-AE32-F8EB5431C246}.Release|Any CPU.Build.0 = Release|Any CPU
		{690FF792-31F1-4028-85DC-1AB1BB829F2F}.Debug|Any CPU.ActiveCfg = Debug|Any CPU
		{690FF792-31F1-4028-85DC-1AB1BB829F2F}.Debug|Any CPU.Build.0 = Debug|Any CPU
		{690FF792-31F1-4028-85DC-1AB1BB829F2F}.Release|Any CPU.ActiveCfg = Release|Any CPU
		{690FF792-31F1-4028-85DC-1AB1BB829F2F}.Release|Any CPU.Build.0 = Release|Any CPU
		{9844735C-449D-4F73-9141-2F66B149BEA2}.Debug|Any CPU.ActiveCfg = Debug|Any CPU
		{9844735C-449D-4F73-9141-2F66B149BEA2}.Debug|Any CPU.Build.0 = Debug|Any CPU
		{9844735C-449D-4F73-9141-2F66B149BEA2}.Release|Any CPU.ActiveCfg = Release|Any CPU
		{9844735C-449D-4F73-9141-2F66B149BEA2}.Release|Any CPU.Build.0 = Release|Any CPU
		{26A2D71F-3CE1-4EC4-92A9-98CED9158422}.Debug|Any CPU.ActiveCfg = Debug|Any CPU
		{26A2D71F-3CE1-4EC4-92A9-98CED9158422}.Debug|Any CPU.Build.0 = Debug|Any CPU
		{26A2D71F-3CE1-4EC4-92A9-98CED9158422}.Release|Any CPU.ActiveCfg = Release|Any CPU
		{26A2D71F-3CE1-4EC4-92A9-98CED9158422}.Release|Any CPU.Build.0 = Release|Any CPU
		{A21D9326-8250-496F-8556-06832CA1C4AB}.Debug|Any CPU.ActiveCfg = Debug|Any CPU
		{A21D9326-8250-496F-8556-06832CA1C4AB}.Debug|Any CPU.Build.0 = Debug|Any CPU
		{A21D9326-8250-496F-8556-06832CA1C4AB}.Release|Any CPU.ActiveCfg = Release|Any CPU
		{A21D9326-8250-496F-8556-06832CA1C4AB}.Release|Any CPU.Build.0 = Release|Any CPU
		{A4EA72F6-BAC5-4867-83C1-8B931769367D}.Debug|Any CPU.ActiveCfg = Debug|Any CPU
		{A4EA72F6-BAC5-4867-83C1-8B931769367D}.Debug|Any CPU.Build.0 = Debug|Any CPU
		{A4EA72F6-BAC5-4867-83C1-8B931769367D}.Release|Any CPU.ActiveCfg = Release|Any CPU
		{A4EA72F6-BAC5-4867-83C1-8B931769367D}.Release|Any CPU.Build.0 = Release|Any CPU
	EndGlobalSection
	GlobalSection(SolutionProperties) = preSolution
		HideSolutionNode = FALSE
	EndGlobalSection
	GlobalSection(NestedProjects) = preSolution
		{C15E99ED-34C1-4EDD-A868-98A7BBDBCD5B} = {D9C56FCB-29AE-4250-900C-9AF2FF17F98C}
		{51AACDFA-7E03-45C9-AE32-F8EB5431C246} = {D9C56FCB-29AE-4250-900C-9AF2FF17F98C}
		{690FF792-31F1-4028-85DC-1AB1BB829F2F} = {D9C56FCB-29AE-4250-900C-9AF2FF17F98C}
		{9844735C-449D-4F73-9141-2F66B149BEA2} = {D9C56FCB-29AE-4250-900C-9AF2FF17F98C}
		{26A2D71F-3CE1-4EC4-92A9-98CED9158422} = {07256160-65A9-4381-B2CB-270026C8F62C}
		{E96C6EBB-770B-4C0A-B22D-F4C8D3907929} = {18BC72C9-0971-459C-B150-F1D4458B65E3}
		{5A181A81-6065-460E-9E3A-1074161452B4} = {18BC72C9-0971-459C-B150-F1D4458B65E3}
		{8030ECD7-3CCB-4AAA-AD49-4D3AB6511579} = {18BC72C9-0971-459C-B150-F1D4458B65E3}
		{07256160-65A9-4381-B2CB-270026C8F62C} = {18BC72C9-0971-459C-B150-F1D4458B65E3}
		{CBE8184F-29DF-457C-8C89-4593112F183B} = {7575577E-6858-4231-AA25-3D3508157360}
		{18BC72C9-0971-459C-B150-F1D4458B65E3} = {7575577E-6858-4231-AA25-3D3508157360}
		{D9C56FCB-29AE-4250-900C-9AF2FF17F98C} = {531CE38E-9069-41CE-A479-524237E356D6}
		{A21D9326-8250-496F-8556-06832CA1C4AB} = {CBE8184F-29DF-457C-8C89-4593112F183B}
		{A4EA72F6-BAC5-4867-83C1-8B931769367D} = {D9C56FCB-29AE-4250-900C-9AF2FF17F98C}
	EndGlobalSection
	GlobalSection(ExtensibilityGlobals) = postSolution
		SolutionGuid = {5F1F9364-4EF8-4D40-AA95-0C80A8DD7DEE}
	EndGlobalSection
EndGlobal
